
Microsoft Visual Studio Solution File, Format Version 12.00
# Visual Studio Version 17
VisualStudioVersion = 17.4.33213.308
MinimumVisualStudioVersion = 10.0.40219.1
Project("{FAE04EC0-301F-11D3-BF4B-00C04F79EFBC}") = "U5_Csharp", "U5_Csharp.csproj", "{A52C8DC0-E0D9-4BAA-8BCB-26E129CEF978}"
EndProject
Global
	GlobalSection(SolutionConfigurationPlatforms) = preSolution
		Debug|Any CPU = Debug|Any CPU
		Release|Any CPU = Release|Any CPU
	EndGlobalSection
	GlobalSection(ProjectConfigurationPlatforms) = postSolution
		{A52C8DC0-E0D9-4BAA-8BCB-26E129CEF978}.Debug|Any CPU.ActiveCfg = Debug|Any CPU
		{A52C8DC0-E0D9-4BAA-8BCB-26E129CEF978}.Debug|Any CPU.Build.0 = Debug|Any CPU
		{A52C8DC0-E0D9-4BAA-8BCB-26E129CEF978}.Release|Any CPU.ActiveCfg = Release|Any CPU
		{A52C8DC0-E0D9-4BAA-8BCB-26E129CEF978}.Release|Any CPU.Build.0 = Release|Any CPU
	EndGlobalSection
	GlobalSection(SolutionProperties) = preSolution
		HideSolutionNode = FALSE
	EndGlobalSection
	GlobalSection(ExtensibilityGlobals) = postSolution
		SolutionGuid = {9A29F5F3-2FA1-4253-A9F5-BBDF77290B2F}
	EndGlobalSection
EndGlobal
